
Microsoft Visual Studio Solution File, Format Version 12.00
# Visual Studio 15
Project("{FAE04EC0-301F-11D3-BF4B-00C04F79EFBC}") = "Assembly-CSharp", "Assembly-CSharp.csproj", "{5C6B976A-0879-BB96-9E2B-86C12E58D100}"
EndProject
Project("{FAE04EC0-301F-11D3-BF4B-00C04F79EFBC}") = "Assembly-CSharp-Editor", "Assembly-CSharp-Editor.csproj", "{13B113DF-E10F-25AA-C34F-1B00890D4A36}"
EndProject
Global
	GlobalSection(SolutionConfigurationPlatforms) = preSolution
		Debug|Any CPU = Debug|Any CPU
		Release|Any CPU = Release|Any CPU
	EndGlobalSection
	GlobalSection(ProjectConfigurationPlatforms) = postSolution
		{5C6B976A-0879-BB96-9E2B-86C12E58D100}.Debug|Any CPU.ActiveCfg = Debug|Any CPU
		{5C6B976A-0879-BB96-9E2B-86C12E58D100}.Debug|Any CPU.Build.0 = Debug|Any CPU
		{5C6B976A-0879-BB96-9E2B-86C12E58D100}.Release|Any CPU.ActiveCfg = Release|Any CPU
		{5C6B976A-0879-BB96-9E2B-86C12E58D100}.Release|Any CPU.Build.0 = Release|Any CPU
		{13B113DF-E10F-25AA-C34F-1B00890D4A36}.Debug|Any CPU.ActiveCfg = Debug|Any CPU
		{13B113DF-E10F-25AA-C34F-1B00890D4A36}.Debug|Any CPU.Build.0 = Debug|Any CPU
		{13B113DF-E10F-25AA-C34F-1B00890D4A36}.Release|Any CPU.ActiveCfg = Release|Any CPU
		{13B113DF-E10F-25AA-C34F-1B00890D4A36}.Release|Any CPU.Build.0 = Release|Any CPU
	EndGlobalSection
	GlobalSection(SolutionProperties) = preSolution
		HideSolutionNode = FALSE
	EndGlobalSection
EndGlobal
